# generated by rye
# use `rye lock` or `rye sync` to update this lockfile
#
# last locked with the following flags:
#   pre: false
#   features: []
#   all-features: true
#   with-sources: false

-e file:.
attrs==23.2.0
    # via hypothesis
certifi==2024.2.2
    # via requests
charset-normalizer==3.3.2
    # via requests
contourpy==1.2.0
    # via matplotlib
coverage==7.4.3
    # via pytest-cov
cycler==0.12.1
    # via matplotlib
fonttools==4.49.0
    # via matplotlib
hypothesis==6.98.13
idna==3.6
    # via requests
iniconfig==2.0.0
    # via pytest
kiwisolver==1.4.5
    # via matplotlib
matplotlib==3.8.3
    # via rimsschemedrawer
numpy==1.26.4
    # via contourpy
    # via matplotlib
    # via rimsschemedrawer
packaging==23.2
    # via matplotlib
    # via pytest
    # via qtpy
pillow==10.2.0
    # via matplotlib
pluggy==1.4.0
    # via pytest
pyparsing==3.1.1
    # via matplotlib
pyqt6==6.6.1
    # via rimsschemedrawer
pyqt6-qt6==6.6.2
    # via pyqt6
pyqt6-sip==13.6.0
    # via pyqt6
pytest==8.0.2
    # via pytest-cov
pytest-cov==4.1.0
python-dateutil==2.8.2
    # via matplotlib
qtpy==2.4.1
    # via rimsschemedrawer
requests==2.31.0
ruff==0.2.2
six==1.16.0
    # via python-dateutil
sortedcontainers==2.4.0
    # via hypothesis
urllib3==2.2.1
    # via requests
